
Microsoft Visual Studio Solution File, Format Version 12.00
# Visual Studio Version 16
VisualStudioVersion = 16.0.810.5
MinimumVisualStudioVersion = 10.0.40219.1
Project("{FAE04EC0-301F-11D3-BF4B-00C04F79EFBC}") = "TailwindcssExample", "TailwindcssExample.csproj", "{AD8F8CBA-1AC4-4803-96A5-7DD110A910C0}"
EndProject
Global
	GlobalSection(SolutionConfigurationPlatforms) = preSolution
		Debug|Any CPU = Debug|Any CPU
		Release|Any CPU = Release|Any CPU
	EndGlobalSection
	GlobalSection(ProjectConfigurationPlatforms) = postSolution
		{AD8F8CBA-1AC4-4803-96A5-7DD110A910C0}.Debug|Any CPU.ActiveCfg = Debug|Any CPU
		{AD8F8CBA-1AC4-4803-96A5-7DD110A910C0}.Debug|Any CPU.Build.0 = Debug|Any CPU
		{AD8F8CBA-1AC4-4803-96A5-7DD110A910C0}.Release|Any CPU.ActiveCfg = Release|Any CPU
		{AD8F8CBA-1AC4-4803-96A5-7DD110A910C0}.Release|Any CPU.Build.0 = Release|Any CPU
	EndGlobalSection
	GlobalSection(SolutionProperties) = preSolution
		HideSolutionNode = FALSE
	EndGlobalSection
	GlobalSection(ExtensibilityGlobals) = postSolution
		SolutionGuid = {9AFB9FC1-FB0A-47A0-AB3B-F5867E2B04B0}
	EndGlobalSection
EndGlobal
